
Microsoft Visual Studio Solution File, Format Version 12.00
# Visual Studio Version 17
VisualStudioVersion = 17.2.32516.85
MinimumVisualStudioVersion = 10.0.40219.1
Project("{FAE04EC0-301F-11D3-BF4B-00C04F79EFBC}") = "CurrencyExchangeAPI", "CurrencyExchangeAPI\CurrencyExchangeAPI.csproj", "{A2161D87-8DA3-4F9E-8B30-D0FBC9784176}"
EndProject
Global
	GlobalSection(SolutionConfigurationPlatforms) = preSolution
		Debug|Any CPU = Debug|Any CPU
		Release|Any CPU = Release|Any CPU
	EndGlobalSection
	GlobalSection(ProjectConfigurationPlatforms) = postSolution
		{A2161D87-8DA3-4F9E-8B30-D0FBC9784176}.Debug|Any CPU.ActiveCfg = Debug|Any CPU
		{A2161D87-8DA3-4F9E-8B30-D0FBC9784176}.Debug|Any CPU.Build.0 = Debug|Any CPU
		{A2161D87-8DA3-4F9E-8B30-D0FBC9784176}.Release|Any CPU.ActiveCfg = Release|Any CPU
		{A2161D87-8DA3-4F9E-8B30-D0FBC9784176}.Release|Any CPU.Build.0 = Release|Any CPU
	EndGlobalSection
	GlobalSection(SolutionProperties) = preSolution
		HideSolutionNode = FALSE
	EndGlobalSection
	GlobalSection(ExtensibilityGlobals) = postSolution
		SolutionGuid = {283B88DC-EEF8-4865-98E4-19BB799B89ED}
	EndGlobalSection
EndGlobal
